
Microsoft Visual Studio Solution File, Format Version 12.00
# Visual Studio Version 17
VisualStudioVersion = 17.2.32526.322
MinimumVisualStudioVersion = 10.0.40219.1
Project("{FAE04EC0-301F-11D3-BF4B-00C04F79EFBC}") = "EnvironmentManager", "EnvironmentManager\EnvironmentManager.csproj", "{D911F913-197E-40F8-9945-955A323B53A5}"
EndProject
Global
	GlobalSection(SolutionConfigurationPlatforms) = preSolution
		Debug|Any CPU = Debug|Any CPU
		Release|Any CPU = Release|Any CPU
	EndGlobalSection
	GlobalSection(ProjectConfigurationPlatforms) = postSolution
		{D911F913-197E-40F8-9945-955A323B53A5}.Debug|Any CPU.ActiveCfg = Debug|Any CPU
		{D911F913-197E-40F8-9945-955A323B53A5}.Debug|Any CPU.Build.0 = Debug|Any CPU
		{D911F913-197E-40F8-9945-955A323B53A5}.Release|Any CPU.ActiveCfg = Release|Any CPU
		{D911F913-197E-40F8-9945-955A323B53A5}.Release|Any CPU.Build.0 = Release|Any CPU
	EndGlobalSection
	GlobalSection(SolutionProperties) = preSolution
		HideSolutionNode = FALSE
	EndGlobalSection
	GlobalSection(ExtensibilityGlobals) = postSolution
		SolutionGuid = {9EAE44DB-2005-4B92-99E6-10648DECEF1C}
	EndGlobalSection
EndGlobal
